<?xml version="1.0" encoding="utf-8"?>
<Project ToolsVersion="4.0" xmlns="http://schemas.microsoft.com/developer/msbuild/2003">
  <ItemGroup>
    <Filter Include="Source Files">
      <UniqueIdentifier>{4FC737F1-C7A5-4376-A066-2A32D752A2FF}</UniqueIdentifier>
      <Extensions>cpp;c;cc;cxx;c++;cppm;ixx;def;odl;idl;hpj;bat;asm;asmx</Extensions>
    </Filter>
    <Filter Include="Header Files">
      <UniqueIdentifier>{93995380-89BD-4b04-88EB-625FBE52EBFB}</UniqueIdentifier>
      <Extensions>h;hh;hpp;hxx;h++;hm;inl;inc;ipp;xsd</Extensions>
    </Filter>
    <Filter Include="Resource Files">
      <UniqueIdentifier>{67DA6AB6-F800-4c08-8B7A-83BB121AAD01}</UniqueIdentifier>
      <Extensions>rc;ico;cur;bmp;dlg;rc2;rct;bin;rgs;gif;jpg;jpeg;jpe;resx;tiff;tif;png;wav;mfcribbon-ms</Extensions>
    </Filter>
  </ItemGroup>
  <ItemGroup>
    <ClCompile Include="CEventHandler.cpp">
      <Filter>Source Files</Filter>
    </ClCompile>
    <ClCompile Include="CInputHandler.cpp">
      <Filter>Source Files</Filter>
    </ClCompile>
    <ClCompile Include="CTime.cpp">
      <Filter>Source Files</Filter>
    </ClCompile>
    <ClCompile Include="Mario.cpp">
      <Filter>Source Files</Filter>
    </ClCompile>
    <ClCompile Include="test.cpp">
      <Filter>Source Files</Filter>
    </ClCompile>
    <ClCompile Include="AssetManager.cpp">
      <Filter>Source Files</Filter>
    </ClCompile>
    <ClCompile Include="LevelData.cpp">
      <Filter>Source Files</Filter>
    </ClCompile>
    <ClCompile Include="Collision.cpp">
      <Filter>Source Files</Filter>
    </ClCompile>
    <ClCompile Include="CGame.cpp">
      <Filter>Source Files</Filter>
    </ClCompile>
    <ClCompile Include="CAnimationManager.cpp">
      <Filter>Source Files</Filter>
    </ClCompile>
    <ClCompile Include="Enemy.cpp">
      <Filter>Source Files</Filter>
    </ClCompile>
    <ClCompile Include="Goomba.cpp">
      <Filter>Source Files</Filter>
    </ClCompile>
    <ClCompile Include="Turtle.cpp">
      <Filter>Source Files</Filter>
    </ClCompile>
    <ClCompile Include="Coin.cpp">
      <Filter>Source Files</Filter>
    </ClCompile>
    <ClCompile Include="Collectible.cpp">
      <Filter>Source Files</Filter>
    </ClCompile>
    <ClCompile Include="FireFlower.cpp">
      <Filter>Source Files</Filter>
    </ClCompile>
    <ClCompile Include="GrowthPower.cpp">
      <Filter>Source Files</Filter>
    </ClCompile>
    <ClCompile Include="OneUpPower.cpp">
      <Filter>Source Files</Filter>
    </ClCompile>
    <ClCompile Include="StarPower.cpp">
      <Filter>Source Files</Filter>
    </ClCompile>
    <ClCompile Include="BrickBlock.cpp">
      <Filter>Source Files</Filter>
    </ClCompile>
    <ClCompile Include="QuestionBlock.cpp">
      <Filter>Source Files</Filter>
    </ClCompile>
    <ClCompile Include="CSpawnManager.cpp">
      <Filter>Source Files</Filter>
    </ClCompile>
    <ClCompile Include="Player.cpp">
      <Filter>Source Files</Filter>
    </ClCompile>
  </ItemGroup>
  <ItemGroup>
    <ClInclude Include="CEventHandler.h">
      <Filter>Header Files</Filter>
    </ClInclude>
    <ClInclude Include="CInputHandler.h">
      <Filter>Header Files</Filter>
    </ClInclude>
    <ClInclude Include="CTime.h">
      <Filter>Header Files</Filter>
    </ClInclude>
    <ClInclude Include="AssetManager.h">
      <Filter>Header Files</Filter>
    </ClInclude>
    <ClInclude Include="LevelData.h">
      <Filter>Header Files</Filter>
    </ClInclude>
    <ClInclude Include="collision.h">
      <Filter>Header Files</Filter>
    </ClInclude>
    <ClInclude Include="CGame.h">
      <Filter>Header Files</Filter>
    </ClInclude>
    <ClInclude Include="CAnimationManager.h">
      <Filter>Header Files</Filter>
    </ClInclude>
    <ClInclude Include="Enemy.h">
      <Filter>Header Files</Filter>
    </ClInclude>
    <ClInclude Include="Goomba.h">
      <Filter>Header Files</Filter>
    </ClInclude>
    <ClInclude Include="Turtle.h">
      <Filter>Header Files</Filter>
    </ClInclude>
    <ClInclude Include="Coin.h">
      <Filter>Header Files</Filter>
    </ClInclude>
    <ClInclude Include="Collectible.h">
      <Filter>Header Files</Filter>
    </ClInclude>
    <ClInclude Include="FireFlower.h">
      <Filter>Header Files</Filter>
    </ClInclude>
    <ClInclude Include="GrowthPower.h">
      <Filter>Header Files</Filter>
    </ClInclude>
    <ClInclude Include="OneUpPower.h">
      <Filter>Header Files</Filter>
    </ClInclude>
    <ClInclude Include="StarPower.h">
      <Filter>Header Files</Filter>
    </ClInclude>
    <ClInclude Include="BrickBlock.h">
      <Filter>Header Files</Filter>
    </ClInclude>
    <ClInclude Include="QuestionBlock.h">
      <Filter>Header Files</Filter>
    </ClInclude>
    <ClInclude Include="CSpawnManager.h">
      <Filter>Header Files</Filter>
    </ClInclude>
    <ClInclude Include="Player.h">
      <Filter>Header Files</Filter>
    </ClInclude>
  </ItemGroup>
</Project>